// !$*UTF8*$!
{
	archiveVersion = 1;
	classes = {
	};
	objectVersion = 46;
	objects = {

/* Begin PBXBuildFile section */
		0A4107D51F82DE2400FB23FF /* AppDelegate.swift in Sources */ = {isa = PBXBuildFile; fileRef = 0A4107D41F82DE2400FB23FF /* AppDelegate.swift */; };
		0A4107D71F82DE2400FB23FF /* ViewController.swift in Sources */ = {isa = PBXBuildFile; fileRef = 0A4107D61F82DE2400FB23FF /* ViewController.swift */; };
		0A4107DA1F82DE2400FB23FF /* Main.storyboard in Resources */ = {isa = PBXBuildFile; fileRef = 0A4107D81F82DE2400FB23FF /* Main.storyboard */; };
		0A4107DC1F82DE2400FB23FF /* Assets.xcassets in Resources */ = {isa = PBXBuildFile; fileRef = 0A4107DB1F82DE2400FB23FF /* Assets.xcassets */; };
		0A4107DF1F82DE2400FB23FF /* LaunchScreen.storyboard in Resources */ = {isa = PBXBuildFile; fileRef = 0A4107DD1F82DE2400FB23FF /* LaunchScreen.storyboard */; };
		0A4107EA1F82DE2400FB23FF /* NovaTests.swift in Sources */ = {isa = PBXBuildFile; fileRef = 0A4107E91F82DE2400FB23FF /* NovaTests.swift */; };
		770C67721F83A8BC00D3D104 /* CryptoCompareProvider.swift in Sources */ = {isa = PBXBuildFile; fileRef = 770C67711F83A8BC00D3D104 /* CryptoCompareProvider.swift */; };
		770C67741F83A8D000D3D104 /* CoinMarketCapProvider.swift in Sources */ = {isa = PBXBuildFile; fileRef = 770C67731F83A8D000D3D104 /* CoinMarketCapProvider.swift */; };
		770C67761F83A90000D3D104 /* CoinMarketCapTicker.swift in Sources */ = {isa = PBXBuildFile; fileRef = 770C67751F83A90000D3D104 /* CoinMarketCapTicker.swift */; };
		770C67791F83A93500D3D104 /* Extensions.swift in Sources */ = {isa = PBXBuildFile; fileRef = 770C67781F83A93500D3D104 /* Extensions.swift */; };
		770C677B1F83A97E00D3D104 /* Prefs.swift in Sources */ = {isa = PBXBuildFile; fileRef = 770C677A1F83A97E00D3D104 /* Prefs.swift */; };
		770C677D1F83A9BB00D3D104 /* Schedulers.swift in Sources */ = {isa = PBXBuildFile; fileRef = 770C677C1F83A9BB00D3D104 /* Schedulers.swift */; };
		770C677F1F83A9F200D3D104 /* Constants.swift in Sources */ = {isa = PBXBuildFile; fileRef = 770C677E1F83A9F200D3D104 /* Constants.swift */; };
		770C67811F83AE2C00D3D104 /* Injector.swift in Sources */ = {isa = PBXBuildFile; fileRef = 770C67801F83AE2C00D3D104 /* Injector.swift */; };
		A9A70EDC37D1492542E4827B /* Pods_Nova.framework in Frameworks */ = {isa = PBXBuildFile; fileRef = FFC709675BDE43A5B80D1939 /* Pods_Nova.framework */; };
/* End PBXBuildFile section */

/* Begin PBXContainerItemProxy section */
		0A4107E61F82DE2400FB23FF /* PBXContainerItemProxy */ = {
			isa = PBXContainerItemProxy;
			containerPortal = 0A4107C91F82DE2300FB23FF /* Project object */;
			proxyType = 1;
			remoteGlobalIDString = 0A4107D01F82DE2300FB23FF;
			remoteInfo = Nova;
		};
/* End PBXContainerItemProxy section */

/* Begin PBXFileReference section */
		0A4107D11F82DE2400FB23FF /* Nova.app */ = {isa = PBXFileReference; explicitFileType = wrapper.application; includeInIndex = 0; path = Nova.app; sourceTree = BUILT_PRODUCTS_DIR; };
		0A4107D41F82DE2400FB23FF /* AppDelegate.swift */ = {isa = PBXFileReference; lastKnownFileType = sourcecode.swift; path = AppDelegate.swift; sourceTree = "<group>"; };
		0A4107D61F82DE2400FB23FF /* ViewController.swift */ = {isa = PBXFileReference; lastKnownFileType = sourcecode.swift; path = ViewController.swift; sourceTree = "<group>"; };
		0A4107D91F82DE2400FB23FF /* Base */ = {isa = PBXFileReference; lastKnownFileType = file.storyboard; name = Base; path = Base.lproj/Main.storyboard; sourceTree = "<group>"; };
		0A4107DB1F82DE2400FB23FF /* Assets.xcassets */ = {isa = PBXFileReference; lastKnownFileType = folder.assetcatalog; path = Assets.xcassets; sourceTree = "<group>"; };
		0A4107DE1F82DE2400FB23FF /* Base */ = {isa = PBXFileReference; lastKnownFileType = file.storyboard; name = Base; path = Base.lproj/LaunchScreen.storyboard; sourceTree = "<group>"; };
		0A4107E01F82DE2400FB23FF /* Info.plist */ = {isa = PBXFileReference; lastKnownFileType = text.plist.xml; path = Info.plist; sourceTree = "<group>"; };
		0A4107E51F82DE2400FB23FF /* NovaTests.xctest */ = {isa = PBXFileReference; explicitFileType = wrapper.cfbundle; includeInIndex = 0; path = NovaTests.xctest; sourceTree = BUILT_PRODUCTS_DIR; };
		0A4107E91F82DE2400FB23FF /* NovaTests.swift */ = {isa = PBXFileReference; lastKnownFileType = sourcecode.swift; path = NovaTests.swift; sourceTree = "<group>"; };
		0A4107EB1F82DE2400FB23FF /* Info.plist */ = {isa = PBXFileReference; lastKnownFileType = text.plist.xml; path = Info.plist; sourceTree = "<group>"; };
		686A957E7E250B78C3C9353F /* Pods-Nova.debug.xcconfig */ = {isa = PBXFileReference; includeInIndex = 1; lastKnownFileType = text.xcconfig; name = "Pods-Nova.debug.xcconfig"; path = "Pods/Target Support Files/Pods-Nova/Pods-Nova.debug.xcconfig"; sourceTree = "<group>"; };
		770C67711F83A8BC00D3D104 /* CryptoCompareProvider.swift */ = {isa = PBXFileReference; fileEncoding = 4; lastKnownFileType = sourcecode.swift; path = CryptoCompareProvider.swift; sourceTree = "<group>"; };
		770C67731F83A8D000D3D104 /* CoinMarketCapProvider.swift */ = {isa = PBXFileReference; fileEncoding = 4; lastKnownFileType = sourcecode.swift; path = CoinMarketCapProvider.swift; sourceTree = "<group>"; };
		770C67751F83A90000D3D104 /* CoinMarketCapTicker.swift */ = {isa = PBXFileReference; fileEncoding = 4; lastKnownFileType = sourcecode.swift; path = CoinMarketCapTicker.swift; sourceTree = "<group>"; };
		770C67781F83A93500D3D104 /* Extensions.swift */ = {isa = PBXFileReference; fileEncoding = 4; lastKnownFileType = sourcecode.swift; path = Extensions.swift; sourceTree = "<group>"; };
		770C677A1F83A97E00D3D104 /* Prefs.swift */ = {isa = PBXFileReference; fileEncoding = 4; lastKnownFileType = sourcecode.swift; path = Prefs.swift; sourceTree = "<group>"; };
		770C677C1F83A9BB00D3D104 /* Schedulers.swift */ = {isa = PBXFileReference; fileEncoding = 4; lastKnownFileType = sourcecode.swift; path = Schedulers.swift; sourceTree = "<group>"; };
		770C677E1F83A9F200D3D104 /* Constants.swift */ = {isa = PBXFileReference; fileEncoding = 4; lastKnownFileType = sourcecode.swift; path = Constants.swift; sourceTree = "<group>"; };
		770C67801F83AE2C00D3D104 /* Injector.swift */ = {isa = PBXFileReference; fileEncoding = 4; lastKnownFileType = sourcecode.swift; path = Injector.swift; sourceTree = "<group>"; };
		C8D9968BACFA46300517A2D3 /* Pods_NovaTests.framework */ = {isa = PBXFileReference; explicitFileType = wrapper.framework; includeInIndex = 0; path = Pods_NovaTests.framework; sourceTree = BUILT_PRODUCTS_DIR; };
		E9967415F973B10E930AD15B /* Pods-Nova.release.xcconfig */ = {isa = PBXFileReference; includeInIndex = 1; lastKnownFileType = text.xcconfig; name = "Pods-Nova.release.xcconfig"; path = "Pods/Target Support Files/Pods-Nova/Pods-Nova.release.xcconfig"; sourceTree = "<group>"; };
		FFC709675BDE43A5B80D1939 /* Pods_Nova.framework */ = {isa = PBXFileReference; explicitFileType = wrapper.framework; includeInIndex = 0; path = Pods_Nova.framework; sourceTree = BUILT_PRODUCTS_DIR; };
/* End PBXFileReference section */

/* Begin PBXFrameworksBuildPhase section */
		0A4107CE1F82DE2300FB23FF /* Frameworks */ = {
			isa = PBXFrameworksBuildPhase;
			buildActionMask = 2147483647;
			files = (
				A9A70EDC37D1492542E4827B /* Pods_Nova.framework in Frameworks */,
			);
			runOnlyForDeploymentPostprocessing = 0;
		};
		0A4107E21F82DE2400FB23FF /* Frameworks */ = {
			isa = PBXFrameworksBuildPhase;
			buildActionMask = 2147483647;
			files = (
			);
			runOnlyForDeploymentPostprocessing = 0;
		};
/* End PBXFrameworksBuildPhase section */

/* Begin PBXGroup section */
		03DF3B912EED3E0C3E081514 /* Pods */ = {
			isa = PBXGroup;
			children = (
				686A957E7E250B78C3C9353F /* Pods-Nova.debug.xcconfig */,
				E9967415F973B10E930AD15B /* Pods-Nova.release.xcconfig */,
			);
			name = Pods;
			sourceTree = "<group>";
		};
		0A4107C81F82DE2300FB23FF = {
			isa = PBXGroup;
			children = (
				0A4107D31F82DE2400FB23FF /* Nova */,
				0A4107E81F82DE2400FB23FF /* NovaTests */,
				0A4107D21F82DE2400FB23FF /* Products */,
				03DF3B912EED3E0C3E081514 /* Pods */,
				715310BF4BCDA105EFDB6F65 /* Frameworks */,
			);
			sourceTree = "<group>";
		};
		0A4107D21F82DE2400FB23FF /* Products */ = {
			isa = PBXGroup;
			children = (
				0A4107D11F82DE2400FB23FF /* Nova.app */,
				0A4107E51F82DE2400FB23FF /* NovaTests.xctest */,
			);
			name = Products;
			sourceTree = "<group>";
		};
		0A4107D31F82DE2400FB23FF /* Nova */ = {
			isa = PBXGroup;
			children = (
				0A4107D41F82DE2400FB23FF /* AppDelegate.swift */,
				770C677E1F83A9F200D3D104 /* Constants.swift */,
				770C67621F83968900D3D104 /* api */,
				770C67671F8396C300D3D104 /* di */,
				770C67641F83969B00D3D104 /* data */,
				770C67631F83969100D3D104 /* model */,
				770C67691F83973900D3D104 /* view */,
				770C67681F83972F00D3D104 /* storyboard */,
				770C67771F83A91C00D3D104 /* supporting files */,
				0A4107DB1F82DE2400FB23FF /* Assets.xcassets */,
				0A4107DD1F82DE2400FB23FF /* LaunchScreen.storyboard */,
				0A4107E01F82DE2400FB23FF /* Info.plist */,
			);
			path = Nova;
			sourceTree = "<group>";
		};
		0A4107E81F82DE2400FB23FF /* NovaTests */ = {
			isa = PBXGroup;
			children = (
				0A4107E91F82DE2400FB23FF /* NovaTests.swift */,
				0A4107EB1F82DE2400FB23FF /* Info.plist */,
			);
			path = NovaTests;
			sourceTree = "<group>";
		};
		715310BF4BCDA105EFDB6F65 /* Frameworks */ = {
			isa = PBXGroup;
			children = (
				FFC709675BDE43A5B80D1939 /* Pods_Nova.framework */,
				C8D9968BACFA46300517A2D3 /* Pods_NovaTests.framework */,
			);
			name = Frameworks;
			sourceTree = "<group>";
		};
		770C67621F83968900D3D104 /* api */ = {
			isa = PBXGroup;
			children = (
				770C676B1F83981C00D3D104 /* cryptocompare */,
				770C676A1F83980D00D3D104 /* coinmarketcap */,
			);
			name = api;
			sourceTree = "<group>";
		};
		770C67631F83969100D3D104 /* model */ = {
			isa = PBXGroup;
			children = (
				770C67751F83A90000D3D104 /* CoinMarketCapTicker.swift */,
			);
			name = model;
			sourceTree = "<group>";
		};
		770C67641F83969B00D3D104 /* data */ = {
			isa = PBXGroup;
			children = (
				770C67661F8396A300D3D104 /* local */,
				770C67651F83969F00D3D104 /* remote */,
			);
			name = data;
			sourceTree = "<group>";
		};
		770C67651F83969F00D3D104 /* remote */ = {
			isa = PBXGroup;
			children = (
			);
			name = remote;
			sourceTree = "<group>";
		};
		770C67661F8396A300D3D104 /* local */ = {
			isa = PBXGroup;
			children = (
			);
			name = local;
			sourceTree = "<group>";
		};
		770C67671F8396C300D3D104 /* di */ = {
			isa = PBXGroup;
			children = (
				770C67801F83AE2C00D3D104 /* Injector.swift */,
			);
			name = di;
			sourceTree = "<group>";
		};
		770C67681F83972F00D3D104 /* storyboard */ = {
			isa = PBXGroup;
			children = (
				0A4107D81F82DE2400FB23FF /* Main.storyboard */,
			);
			name = storyboard;
			sourceTree = "<group>";
		};
		770C67691F83973900D3D104 /* view */ = {
			isa = PBXGroup;
			children = (
				0A4107D61F82DE2400FB23FF /* ViewController.swift */,
			);
			name = view;
			sourceTree = "<group>";
		};
		770C676A1F83980D00D3D104 /* coinmarketcap */ = {
			isa = PBXGroup;
			children = (
				770C67731F83A8D000D3D104 /* CoinMarketCapProvider.swift */,
			);
			name = coinmarketcap;
			sourceTree = "<group>";
		};
		770C676B1F83981C00D3D104 /* cryptocompare */ = {
			isa = PBXGroup;
			children = (
				770C67711F83A8BC00D3D104 /* CryptoCompareProvider.swift */,
			);
			name = cryptocompare;
			sourceTree = "<group>";
		};
		770C67771F83A91C00D3D104 /* supporting files */ = {
			isa = PBXGroup;
			children = (
				770C67781F83A93500D3D104 /* Extensions.swift */,
				770C677A1F83A97E00D3D104 /* Prefs.swift */,
				770C677C1F83A9BB00D3D104 /* Schedulers.swift */,
			);
			name = "supporting files";
			sourceTree = "<group>";
		};
/* End PBXGroup section */

/* Begin PBXNativeTarget section */
		0A4107D01F82DE2300FB23FF /* Nova */ = {
			isa = PBXNativeTarget;
			buildConfigurationList = 0A4107EE1F82DE2400FB23FF /* Build configuration list for PBXNativeTarget "Nova" */;
			buildPhases = (
				BF55CB80AC6E56E7E47768E8 /* [CP] Check Pods Manifest.lock */,
				0A4107CD1F82DE2300FB23FF /* Sources */,
				0A4107CE1F82DE2300FB23FF /* Frameworks */,
				0A4107CF1F82DE2300FB23FF /* Resources */,
				6F16C8E290678B41F995ED94 /* [CP] Embed Pods Frameworks */,
				B1621BF324141EDC2645D196 /* [CP] Copy Pods Resources */,
			);
			buildRules = (
			);
			dependencies = (
			);
			name = Nova;
			productName = Nova;
			productReference = 0A4107D11F82DE2400FB23FF /* Nova.app */;
			productType = "com.apple.product-type.application";
		};
		0A4107E41F82DE2400FB23FF /* NovaTests */ = {
			isa = PBXNativeTarget;
			buildConfigurationList = 0A4107F11F82DE2400FB23FF /* Build configuration list for PBXNativeTarget "NovaTests" */;
			buildPhases = (
				0A4107E11F82DE2400FB23FF /* Sources */,
				0A4107E21F82DE2400FB23FF /* Frameworks */,
				0A4107E31F82DE2400FB23FF /* Resources */,
			);
			buildRules = (
			);
			dependencies = (
				0A4107E71F82DE2400FB23FF /* PBXTargetDependency */,
			);
			name = NovaTests;
			productName = NovaTests;
			productReference = 0A4107E51F82DE2400FB23FF /* NovaTests.xctest */;
			productType = "com.apple.product-type.bundle.unit-test";
		};
/* End PBXNativeTarget section */

/* Begin PBXProject section */
		0A4107C91F82DE2300FB23FF /* Project object */ = {
			isa = PBXProject;
			attributes = {
				LastSwiftUpdateCheck = 0800;
				LastUpgradeCheck = 0800;
				ORGANIZATIONNAME = "Andrej Jurkin";
				TargetAttributes = {
					0A4107D01F82DE2300FB23FF = {
						CreatedOnToolsVersion = 8.0;
						DevelopmentTeam = XJF3S8KP2L;
						ProvisioningStyle = Automatic;
					};
					0A4107E41F82DE2400FB23FF = {
						CreatedOnToolsVersion = 8.0;
						DevelopmentTeam = XJF3S8KP2L;
						ProvisioningStyle = Automatic;
						TestTargetID = 0A4107D01F82DE2300FB23FF;
					};
				};
			};
			buildConfigurationList = 0A4107CC1F82DE2300FB23FF /* Build configuration list for PBXProject "Nova" */;
			compatibilityVersion = "Xcode 3.2";
			developmentRegion = English;
			hasScannedForEncodings = 0;
			knownRegions = (
				en,
				Base,
			);
			mainGroup = 0A4107C81F82DE2300FB23FF;
			productRefGroup = 0A4107D21F82DE2400FB23FF /* Products */;
			projectDirPath = "";
			projectRoot = "";
			targets = (
				0A4107D01F82DE2300FB23FF /* Nova */,
				0A4107E41F82DE2400FB23FF /* NovaTests */,
			);
		};
/* End PBXProject section */

/* Begin PBXResourcesBuildPhase section */
		0A4107CF1F82DE2300FB23FF /* Resources */ = {
			isa = PBXResourcesBuildPhase;
			buildActionMask = 2147483647;
			files = (
				0A4107DF1F82DE2400FB23FF /* LaunchScreen.storyboard in Resources */,
				0A4107DC1F82DE2400FB23FF /* Assets.xcassets in Resources */,
				0A4107DA1F82DE2400FB23FF /* Main.storyboard in Resources */,
			);
			runOnlyForDeploymentPostprocessing = 0;
		};
		0A4107E31F82DE2400FB23FF /* Resources */ = {
			isa = PBXResourcesBuildPhase;
			buildActionMask = 2147483647;
			files = (
			);
			runOnlyForDeploymentPostprocessing = 0;
		};
/* End PBXResourcesBuildPhase section */

/* Begin PBXShellScriptBuildPhase section */
		6F16C8E290678B41F995ED94 /* [CP] Embed Pods Frameworks */ = {
			isa = PBXShellScriptBuildPhase;
			buildActionMask = 2147483647;
			files = (
			);
			inputPaths = (
			);
			name = "[CP] Embed Pods Frameworks";
			outputPaths = (
			);
			runOnlyForDeploymentPostprocessing = 0;
			shellPath = /bin/sh;
			shellScript = "\"${SRCROOT}/Pods/Target Support Files/Pods-Nova/Pods-Nova-frameworks.sh\"\n";
			showEnvVarsInLog = 0;
		};
		B1621BF324141EDC2645D196 /* [CP] Copy Pods Resources */ = {
			isa = PBXShellScriptBuildPhase;
			buildActionMask = 2147483647;
			files = (
			);
			inputPaths = (
			);
			name = "[CP] Copy Pods Resources";
			outputPaths = (
			);
			runOnlyForDeploymentPostprocessing = 0;
			shellPath = /bin/sh;
			shellScript = "\"${SRCROOT}/Pods/Target Support Files/Pods-Nova/Pods-Nova-resources.sh\"\n";
			showEnvVarsInLog = 0;
		};
		BF55CB80AC6E56E7E47768E8 /* [CP] Check Pods Manifest.lock */ = {
			isa = PBXShellScriptBuildPhase;
			buildActionMask = 2147483647;
			files = (
			);
			inputPaths = (
			);
			name = "[CP] Check Pods Manifest.lock";
			outputPaths = (
			);
			runOnlyForDeploymentPostprocessing = 0;
			shellPath = /bin/sh;
			shellScript = "diff \"${PODS_ROOT}/../Podfile.lock\" \"${PODS_ROOT}/Manifest.lock\" > /dev/null\nif [ $? != 0 ] ; then\n    # print error to STDERR\n    echo \"error: The sandbox is not in sync with the Podfile.lock. Run 'pod install' or update your CocoaPods installation.\" >&2\n    exit 1\nfi\n";
			showEnvVarsInLog = 0;
		};
/* End PBXShellScriptBuildPhase section */

/* Begin PBXSourcesBuildPhase section */
		0A4107CD1F82DE2300FB23FF /* Sources */ = {
			isa = PBXSourcesBuildPhase;
			buildActionMask = 2147483647;
			files = (
				770C677B1F83A97E00D3D104 /* Prefs.swift in Sources */,
				0A4107D71F82DE2400FB23FF /* ViewController.swift in Sources */,
				770C67791F83A93500D3D104 /* Extensions.swift in Sources */,
				770C67721F83A8BC00D3D104 /* CryptoCompareProvider.swift in Sources */,
				770C67741F83A8D000D3D104 /* CoinMarketCapProvider.swift in Sources */,
				770C67811F83AE2C00D3D104 /* Injector.swift in Sources */,
				770C677D1F83A9BB00D3D104 /* Schedulers.swift in Sources */,
				0A4107D51F82DE2400FB23FF /* AppDelegate.swift in Sources */,
				770C67761F83A90000D3D104 /* CoinMarketCapTicker.swift in Sources */,
				770C677F1F83A9F200D3D104 /* Constants.swift in Sources */,
			);
			runOnlyForDeploymentPostprocessing = 0;
		};
		0A4107E11F82DE2400FB23FF /* Sources */ = {
			isa = PBXSourcesBuildPhase;
			buildActionMask = 2147483647;
			files = (
				0A4107EA1F82DE2400FB23FF /* NovaTests.swift in Sources */,
			);
			runOnlyForDeploymentPostprocessing = 0;
		};
/* End PBXSourcesBuildPhase section */

/* Begin PBXTargetDependency section */
		0A4107E71F82DE2400FB23FF /* PBXTargetDependency */ = {
			isa = PBXTargetDependency;
			target = 0A4107D01F82DE2300FB23FF /* Nova */;
			targetProxy = 0A4107E61F82DE2400FB23FF /* PBXContainerItemProxy */;
		};
/* End PBXTargetDependency section */

/* Begin PBXVariantGroup section */
		0A4107D81F82DE2400FB23FF /* Main.storyboard */ = {
			isa = PBXVariantGroup;
			children = (
				0A4107D91F82DE2400FB23FF /* Base */,
			);
			name = Main.storyboard;
			sourceTree = "<group>";
		};
		0A4107DD1F82DE2400FB23FF /* LaunchScreen.storyboard */ = {
			isa = PBXVariantGroup;
			children = (
				0A4107DE1F82DE2400FB23FF /* Base */,
			);
			name = LaunchScreen.storyboard;
			sourceTree = "<group>";
		};
/* End PBXVariantGroup section */

/* Begin XCBuildConfiguration section */
		0A4107EC1F82DE2400FB23FF /* Debug */ = {
			isa = XCBuildConfiguration;
			buildSettings = {
				ALWAYS_SEARCH_USER_PATHS = NO;
				CLANG_ANALYZER_NONNULL = YES;
				CLANG_CXX_LANGUAGE_STANDARD = "gnu++0x";
				CLANG_CXX_LIBRARY = "libc++";
				CLANG_ENABLE_MODULES = YES;
				CLANG_ENABLE_OBJC_ARC = YES;
				CLANG_WARN_BOOL_CONVERSION = YES;
				CLANG_WARN_CONSTANT_CONVERSION = YES;
				CLANG_WARN_DIRECT_OBJC_ISA_USAGE = YES_ERROR;
				CLANG_WARN_DOCUMENTATION_COMMENTS = YES;
				CLANG_WARN_EMPTY_BODY = YES;
				CLANG_WARN_ENUM_CONVERSION = YES;
				CLANG_WARN_INFINITE_RECURSION = YES;
				CLANG_WARN_INT_CONVERSION = YES;
				CLANG_WARN_OBJC_ROOT_CLASS = YES_ERROR;
				CLANG_WARN_SUSPICIOUS_MOVES = YES;
				CLANG_WARN_UNREACHABLE_CODE = YES;
				CLANG_WARN__DUPLICATE_METHOD_MATCH = YES;
				"CODE_SIGN_IDENTITY[sdk=iphoneos*]" = "iPhone Developer";
				COPY_PHASE_STRIP = NO;
				DEBUG_INFORMATION_FORMAT = dwarf;
				ENABLE_STRICT_OBJC_MSGSEND = YES;
				ENABLE_TESTABILITY = YES;
				GCC_C_LANGUAGE_STANDARD = gnu99;
				GCC_DYNAMIC_NO_PIC = NO;
				GCC_NO_COMMON_BLOCKS = YES;
				GCC_OPTIMIZATION_LEVEL = 0;
				GCC_PREPROCESSOR_DEFINITIONS = (
					"DEBUG=1",
					"$(inherited)",
				);
				GCC_WARN_64_TO_32_BIT_CONVERSION = YES;
				GCC_WARN_ABOUT_RETURN_TYPE = YES_ERROR;
				GCC_WARN_UNDECLARED_SELECTOR = YES;
				GCC_WARN_UNINITIALIZED_AUTOS = YES_AGGRESSIVE;
				GCC_WARN_UNUSED_FUNCTION = YES;
				GCC_WARN_UNUSED_VARIABLE = YES;
				IPHONEOS_DEPLOYMENT_TARGET = 10.0;
				MTL_ENABLE_DEBUG_INFO = YES;
				ONLY_ACTIVE_ARCH = YES;
				SDKROOT = iphoneos;
				SWIFT_ACTIVE_COMPILATION_CONDITIONS = DEBUG;
				SWIFT_OPTIMIZATION_LEVEL = "-Onone";
			};
			name = Debug;
		};
		0A4107ED1F82DE2400FB23FF /* Release */ = {
			isa = XCBuildConfiguration;
			buildSettings = {
				ALWAYS_SEARCH_USER_PATHS = NO;
				CLANG_ANALYZER_NONNULL = YES;
				CLANG_CXX_LANGUAGE_STANDARD = "gnu++0x";
				CLANG_CXX_LIBRARY = "libc++";
				CLANG_ENABLE_MODULES = YES;
				CLANG_ENABLE_OBJC_ARC = YES;
				CLANG_WARN_BOOL_CONVERSION = YES;
				CLANG_WARN_CONSTANT_CONVERSION = YES;
				CLANG_WARN_DIRECT_OBJC_ISA_USAGE = YES_ERROR;
				CLANG_WARN_DOCUMENTATION_COMMENTS = YES;
				CLANG_WARN_EMPTY_BODY = YES;
				CLANG_WARN_ENUM_CONVERSION = YES;
				CLANG_WARN_INFINITE_RECURSION = YES;
				CLANG_WARN_INT_CONVERSION = YES;
				CLANG_WARN_OBJC_ROOT_CLASS = YES_ERROR;
				CLANG_WARN_SUSPICIOUS_MOVES = YES;
				CLANG_WARN_UNREACHABLE_CODE = YES;
				CLANG_WARN__DUPLICATE_METHOD_MATCH = YES;
				"CODE_SIGN_IDENTITY[sdk=iphoneos*]" = "iPhone Developer";
				COPY_PHASE_STRIP = NO;
				DEBUG_INFORMATION_FORMAT = "dwarf-with-dsym";
				ENABLE_NS_ASSERTIONS = NO;
				ENABLE_STRICT_OBJC_MSGSEND = YES;
				GCC_C_LANGUAGE_STANDARD = gnu99;
				GCC_NO_COMMON_BLOCKS = YES;
				GCC_WARN_64_TO_32_BIT_CONVERSION = YES;
				GCC_WARN_ABOUT_RETURN_TYPE = YES_ERROR;
				GCC_WARN_UNDECLARED_SELECTOR = YES;
				GCC_WARN_UNINITIALIZED_AUTOS = YES_AGGRESSIVE;
				GCC_WARN_UNUSED_FUNCTION = YES;
				GCC_WARN_UNUSED_VARIABLE = YES;
				IPHONEOS_DEPLOYMENT_TARGET = 10.0;
				MTL_ENABLE_DEBUG_INFO = NO;
				SDKROOT = iphoneos;
				SWIFT_OPTIMIZATION_LEVEL = "-Owholemodule";
				VALIDATE_PRODUCT = YES;
			};
			name = Release;
		};
		0A4107EF1F82DE2400FB23FF /* Debug */ = {
			isa = XCBuildConfiguration;
			baseConfigurationReference = 686A957E7E250B78C3C9353F /* Pods-Nova.debug.xcconfig */;
			buildSettings = {
				ASSETCATALOG_COMPILER_APPICON_NAME = AppIcon;
				DEVELOPMENT_TEAM = XJF3S8KP2L;
				INFOPLIST_FILE = Nova/Info.plist;
				LD_RUNPATH_SEARCH_PATHS = "$(inherited) @executable_path/Frameworks";
				PRODUCT_BUNDLE_IDENTIFIER = jurkin.ios.Nova;
				PRODUCT_NAME = "$(TARGET_NAME)";
				SWIFT_VERSION = 3.0;
			};
			name = Debug;
		};
		0A4107F01F82DE2400FB23FF /* Release */ = {
			isa = XCBuildConfiguration;
			baseConfigurationReference = E9967415F973B10E930AD15B /* Pods-Nova.release.xcconfig */;
			buildSettings = {
				ASSETCATALOG_COMPILER_APPICON_NAME = AppIcon;
				DEVELOPMENT_TEAM = XJF3S8KP2L;
				INFOPLIST_FILE = Nova/Info.plist;
				LD_RUNPATH_SEARCH_PATHS = "$(inherited) @executable_path/Frameworks";
				PRODUCT_BUNDLE_IDENTIFIER = jurkin.ios.Nova;
				PRODUCT_NAME = "$(TARGET_NAME)";
				SWIFT_VERSION = 3.0;
			};
			name = Release;
		};
		0A4107F21F82DE2400FB23FF /* Debug */ = {
			isa = XCBuildConfiguration;
			buildSettings = {
				ALWAYS_EMBED_SWIFT_STANDARD_LIBRARIES = YES;
				BUNDLE_LOADER = "$(TEST_HOST)";
				DEVELOPMENT_TEAM = XJF3S8KP2L;
				INFOPLIST_FILE = NovaTests/Info.plist;
				LD_RUNPATH_SEARCH_PATHS = "$(inherited) @executable_path/Frameworks @loader_path/Frameworks";
				PRODUCT_BUNDLE_IDENTIFIER = jurkin.ios.NovaTests;
				PRODUCT_NAME = "$(TARGET_NAME)";
				SWIFT_VERSION = 3.0;
				TEST_HOST = "$(BUILT_PRODUCTS_DIR)/Nova.app/Nova";
			};
			name = Debug;
		};
		0A4107F31F82DE2400FB23FF /* Release */ = {
			isa = XCBuildConfiguration;
			buildSettings = {
				ALWAYS_EMBED_SWIFT_STANDARD_LIBRARIES = YES;
				BUNDLE_LOADER = "$(TEST_HOST)";
				DEVELOPMENT_TEAM = XJF3S8KP2L;
				INFOPLIST_FILE = NovaTests/Info.plist;
				LD_RUNPATH_SEARCH_PATHS = "$(inherited) @executable_path/Frameworks @loader_path/Frameworks";
				PRODUCT_BUNDLE_IDENTIFIER = jurkin.ios.NovaTests;
				PRODUCT_NAME = "$(TARGET_NAME)";
				SWIFT_VERSION = 3.0;
				TEST_HOST = "$(BUILT_PRODUCTS_DIR)/Nova.app/Nova";
			};
			name = Release;
		};
/* End XCBuildConfiguration section */

/* Begin XCConfigurationList section */
		0A4107CC1F82DE2300FB23FF /* Build configuration list for PBXProject "Nova" */ = {
			isa = XCConfigurationList;
			buildConfigurations = (
				0A4107EC1F82DE2400FB23FF /* Debug */,
				0A4107ED1F82DE2400FB23FF /* Release */,
			);
			defaultConfigurationIsVisible = 0;
			defaultConfigurationName = Release;
		};
		0A4107EE1F82DE2400FB23FF /* Build configuration list for PBXNativeTarget "Nova" */ = {
			isa = XCConfigurationList;
			buildConfigurations = (
				0A4107EF1F82DE2400FB23FF /* Debug */,
				0A4107F01F82DE2400FB23FF /* Release */,
			);
			defaultConfigurationIsVisible = 0;
			defaultConfigurationName = Release;
		};
		0A4107F11F82DE2400FB23FF /* Build configuration list for PBXNativeTarget "NovaTests" */ = {
			isa = XCConfigurationList;
			buildConfigurations = (
				0A4107F21F82DE2400FB23FF /* Debug */,
				0A4107F31F82DE2400FB23FF /* Release */,
			);
			defaultConfigurationIsVisible = 0;
			defaultConfigurationName = Release;
		};
/* End XCConfigurationList section */
	};
	rootObject = 0A4107C91F82DE2300FB23FF /* Project object */;
}
